// !$*UTF8*$!
{
	archiveVersion = 1;
	classes = {
	};
	objectVersion = 46;
	objects = {

/* Begin PBXBuildFile section */
		50E5AD1F191BE929000DB04C /* Foundation.framework in Frameworks */ = {isa = PBXBuildFile; fileRef = 50E5AD1E191BE929000DB04C /* Foundation.framework */; };
		50E5AD21191BE929000DB04C /* CoreGraphics.framework in Frameworks */ = {isa = PBXBuildFile; fileRef = 50E5AD20191BE929000DB04C /* CoreGraphics.framework */; };
		50E5AD23191BE929000DB04C /* UIKit.framework in Frameworks */ = {isa = PBXBuildFile; fileRef = 50E5AD22191BE929000DB04C /* UIKit.framework */; };
		50E5AD29191BE929000DB04C /* InfoPlist.strings in Resources */ = {isa = PBXBuildFile; fileRef = 50E5AD27191BE929000DB04C /* InfoPlist.strings */; };
		50E5AD2B191BE929000DB04C /* main.m in Sources */ = {isa = PBXBuildFile; fileRef = 50E5AD2A191BE929000DB04C /* main.m */; };
		50E5AD2F191BE929000DB04C /* AppDelegate.m in Sources */ = {isa = PBXBuildFile; fileRef = 50E5AD2E191BE929000DB04C /* AppDelegate.m */; };
		50E5AD32191BE929000DB04C /* Main.storyboard in Resources */ = {isa = PBXBuildFile; fileRef = 50E5AD30191BE929000DB04C /* Main.storyboard */; };
		50E5AD35191BE929000DB04C /* ViewController.m in Sources */ = {isa = PBXBuildFile; fileRef = 50E5AD34191BE929000DB04C /* ViewController.m */; };
		50E5AD37191BE929000DB04C /* Images.xcassets in Resources */ = {isa = PBXBuildFile; fileRef = 50E5AD36191BE929000DB04C /* Images.xcassets */; };
		50E5AD3E191BE929000DB04C /* XCTest.framework in Frameworks */ = {isa = PBXBuildFile; fileRef = 50E5AD3D191BE929000DB04C /* XCTest.framework */; };
		50E5AD3F191BE929000DB04C /* Foundation.framework in Frameworks */ = {isa = PBXBuildFile; fileRef = 50E5AD1E191BE929000DB04C /* Foundation.framework */; };
		50E5AD40191BE929000DB04C /* UIKit.framework in Frameworks */ = {isa = PBXBuildFile; fileRef = 50E5AD22191BE929000DB04C /* UIKit.framework */; };
		50E5AD48191BE929000DB04C /* InfoPlist.strings in Resources */ = {isa = PBXBuildFile; fileRef = 50E5AD46191BE929000DB04C /* InfoPlist.strings */; };
		50E5AD4A191BE929000DB04C /* testKVCTests.m in Sources */ = {isa = PBXBuildFile; fileRef = 50E5AD49191BE929000DB04C /* testKVCTests.m */; };
/* End PBXBuildFile section */

/* Begin PBXContainerItemProxy section */
		50E5AD41191BE929000DB04C /* PBXContainerItemProxy */ = {
			isa = PBXContainerItemProxy;
			containerPortal = 50E5AD13191BE929000DB04C /* Project object */;
			proxyType = 1;
			remoteGlobalIDString = 50E5AD1A191BE929000DB04C;
			remoteInfo = testKVC;
		};
/* End PBXContainerItemProxy section */

/* Begin PBXFileReference section */
		50E5AD1B191BE929000DB04C /* testKVC.app */ = {isa = PBXFileReference; explicitFileType = wrapper.application; includeInIndex = 0; path = testKVC.app; sourceTree = BUILT_PRODUCTS_DIR; };
		50E5AD1E191BE929000DB04C /* Foundation.framework */ = {isa = PBXFileReference; lastKnownFileType = wrapper.framework; name = Foundation.framework; path = System/Library/Frameworks/Foundation.framework; sourceTree = SDKROOT; };
		50E5AD20191BE929000DB04C /* CoreGraphics.framework */ = {isa = PBXFileReference; lastKnownFileType = wrapper.framework; name = CoreGraphics.framework; path = System/Library/Frameworks/CoreGraphics.framework; sourceTree = SDKROOT; };
		50E5AD22191BE929000DB04C /* UIKit.framework */ = {isa = PBXFileReference; lastKnownFileType = wrapper.framework; name = UIKit.framework; path = System/Library/Frameworks/UIKit.framework; sourceTree = SDKROOT; };
		50E5AD26191BE929000DB04C /* testKVC-Info.plist */ = {isa = PBXFileReference; lastKnownFileType = text.plist.xml; path = "testKVC-Info.plist"; sourceTree = "<group>"; };
		50E5AD28191BE929000DB04C /* en */ = {isa = PBXFileReference; lastKnownFileType = text.plist.strings; name = en; path = en.lproj/InfoPlist.strings; sourceTree = "<group>"; };
		50E5AD2A191BE929000DB04C /* main.m */ = {isa = PBXFileReference; lastKnownFileType = sourcecode.c.objc; path = main.m; sourceTree = "<group>"; };
		50E5AD2C191BE929000DB04C /* testKVC-Prefix.pch */ = {isa = PBXFileReference; lastKnownFileType = sourcecode.c.h; path = "testKVC-Prefix.pch"; sourceTree = "<group>"; };
		50E5AD2D191BE929000DB04C /* AppDelegate.h */ = {isa = PBXFileReference; lastKnownFileType = sourcecode.c.h; path = AppDelegate.h; sourceTree = "<group>"; };
		50E5AD2E191BE929000DB04C /* AppDelegate.m */ = {isa = PBXFileReference; lastKnownFileType = sourcecode.c.objc; path = AppDelegate.m; sourceTree = "<group>"; };
		50E5AD31191BE929000DB04C /* Base */ = {isa = PBXFileReference; lastKnownFileType = file.storyboard; name = Base; path = Base.lproj/Main.storyboard; sourceTree = "<group>"; };
		50E5AD33191BE929000DB04C /* ViewController.h */ = {isa = PBXFileReference; lastKnownFileType = sourcecode.c.h; path = ViewController.h; sourceTree = "<group>"; };
		50E5AD34191BE929000DB04C /* ViewController.m */ = {isa = PBXFileReference; lastKnownFileType = sourcecode.c.objc; path = ViewController.m; sourceTree = "<group>"; };
		50E5AD36191BE929000DB04C /* Images.xcassets */ = {isa = PBXFileReference; lastKnownFileType = folder.assetcatalog; path = Images.xcassets; sourceTree = "<group>"; };
		50E5AD3C191BE929000DB04C /* testKVCTests.xctest */ = {isa = PBXFileReference; explicitFileType = wrapper.cfbundle; includeInIndex = 0; path = testKVCTests.xctest; sourceTree = BUILT_PRODUCTS_DIR; };
		50E5AD3D191BE929000DB04C /* XCTest.framework */ = {isa = PBXFileReference; lastKnownFileType = wrapper.framework; name = XCTest.framework; path = Library/Frameworks/XCTest.framework; sourceTree = DEVELOPER_DIR; };
		50E5AD45191BE929000DB04C /* testKVCTests-Info.plist */ = {isa = PBXFileReference; lastKnownFileType = text.plist.xml; path = "testKVCTests-Info.plist"; sourceTree = "<group>"; };
		50E5AD47191BE929000DB04C /* en */ = {isa = PBXFileReference; lastKnownFileType = text.plist.strings; name = en; path = en.lproj/InfoPlist.strings; sourceTree = "<group>"; };
		50E5AD49191BE929000DB04C /* testKVCTests.m */ = {isa = PBXFileReference; lastKnownFileType = sourcecode.c.objc; path = testKVCTests.m; sourceTree = "<group>"; };
/* End PBXFileReference section */

/* Begin PBXFrameworksBuildPhase section */
		50E5AD18191BE929000DB04C /* Frameworks */ = {
			isa = PBXFrameworksBuildPhase;
			buildActionMask = 2147483647;
			files = (
				50E5AD21191BE929000DB04C /* CoreGraphics.framework in Frameworks */,
				50E5AD23191BE929000DB04C /* UIKit.framework in Frameworks */,
				50E5AD1F191BE929000DB04C /* Foundation.framework in Frameworks */,
			);
			runOnlyForDeploymentPostprocessing = 0;
		};
		50E5AD39191BE929000DB04C /* Frameworks */ = {
			isa = PBXFrameworksBuildPhase;
			buildActionMask = 2147483647;
			files = (
				50E5AD3E191BE929000DB04C /* XCTest.framework in Frameworks */,
				50E5AD40191BE929000DB04C /* UIKit.framework in Frameworks */,
				50E5AD3F191BE929000DB04C /* Foundation.framework in Frameworks */,
			);
			runOnlyForDeploymentPostprocessing = 0;
		};
/* End PBXFrameworksBuildPhase section */

/* Begin PBXGroup section */
		50E5AD12191BE929000DB04C = {
			isa = PBXGroup;
			children = (
				50E5AD24191BE929000DB04C /* testKVC */,
				50E5AD43191BE929000DB04C /* testKVCTests */,
				50E5AD1D191BE929000DB04C /* Frameworks */,
				50E5AD1C191BE929000DB04C /* Products */,
			);
			sourceTree = "<group>";
		};
		50E5AD1C191BE929000DB04C /* Products */ = {
			isa = PBXGroup;
			children = (
				50E5AD1B191BE929000DB04C /* testKVC.app */,
				50E5AD3C191BE929000DB04C /* testKVCTests.xctest */,
			);
			name = Products;
			sourceTree = "<group>";
		};
		50E5AD1D191BE929000DB04C /* Frameworks */ = {
			isa = PBXGroup;
			children = (
				50E5AD1E191BE929000DB04C /* Foundation.framework */,
				50E5AD20191BE929000DB04C /* CoreGraphics.framework */,
				50E5AD22191BE929000DB04C /* UIKit.framework */,
				50E5AD3D191BE929000DB04C /* XCTest.framework */,
			);
			name = Frameworks;
			sourceTree = "<group>";
		};
		50E5AD24191BE929000DB04C /* testKVC */ = {
			isa = PBXGroup;
			children = (
				50E5AD2D191BE929000DB04C /* AppDelegate.h */,
				50E5AD2E191BE929000DB04C /* AppDelegate.m */,
				50E5AD30191BE929000DB04C /* Main.storyboard */,
				50E5AD33191BE929000DB04C /* ViewController.h */,
				50E5AD34191BE929000DB04C /* ViewController.m */,
				50E5AD36191BE929000DB04C /* Images.xcassets */,
				50E5AD25191BE929000DB04C /* Supporting Files */,
			);
			path = testKVC;
			sourceTree = "<group>";
		};
		50E5AD25191BE929000DB04C /* Supporting Files */ = {
			isa = PBXGroup;
			children = (
				50E5AD26191BE929000DB04C /* testKVC-Info.plist */,
				50E5AD27191BE929000DB04C /* InfoPlist.strings */,
				50E5AD2A191BE929000DB04C /* main.m */,
				50E5AD2C191BE929000DB04C /* testKVC-Prefix.pch */,
			);
			name = "Supporting Files";
			sourceTree = "<group>";
		};
		50E5AD43191BE929000DB04C /* testKVCTests */ = {
			isa = PBXGroup;
			children = (
				50E5AD49191BE929000DB04C /* testKVCTests.m */,
				50E5AD44191BE929000DB04C /* Supporting Files */,
			);
			path = testKVCTests;
			sourceTree = "<group>";
		};
		50E5AD44191BE929000DB04C /* Supporting Files */ = {
			isa = PBXGroup;
			children = (
				50E5AD45191BE929000DB04C /* testKVCTests-Info.plist */,
				50E5AD46191BE929000DB04C /* InfoPlist.strings */,
			);
			name = "Supporting Files";
			sourceTree = "<group>";
		};
/* End PBXGroup section */

/* Begin PBXNativeTarget section */
		50E5AD1A191BE929000DB04C /* testKVC */ = {
			isa = PBXNativeTarget;
			buildConfigurationList = 50E5AD4D191BE929000DB04C /* Build configuration list for PBXNativeTarget "testKVC" */;
			buildPhases = (
				50E5AD17191BE929000DB04C /* Sources */,
				50E5AD18191BE929000DB04C /* Frameworks */,
				50E5AD19191BE929000DB04C /* Resources */,
			);
			buildRules = (
			);
			dependencies = (
			);
			name = testKVC;
			productName = testKVC;
			productReference = 50E5AD1B191BE929000DB04C /* testKVC.app */;
			productType = "com.apple.product-type.application";
		};
		50E5AD3B191BE929000DB04C /* testKVCTests */ = {
			isa = PBXNativeTarget;
			buildConfigurationList = 50E5AD50191BE929000DB04C /* Build configuration list for PBXNativeTarget "testKVCTests" */;
			buildPhases = (
				50E5AD38191BE929000DB04C /* Sources */,
				50E5AD39191BE929000DB04C /* Frameworks */,
				50E5AD3A191BE929000DB04C /* Resources */,
			);
			buildRules = (
			);
			dependencies = (
				50E5AD42191BE929000DB04C /* PBXTargetDependency */,
			);
			name = testKVCTests;
			productName = testKVCTests;
			productReference = 50E5AD3C191BE929000DB04C /* testKVCTests.xctest */;
			productType = "com.apple.product-type.bundle.unit-test";
		};
/* End PBXNativeTarget section */

/* Begin PBXProject section */
		50E5AD13191BE929000DB04C /* Project object */ = {
			isa = PBXProject;
			attributes = {
				LastUpgradeCheck = 0510;
				ORGANIZATIONNAME = Tagher;
				TargetAttributes = {
					50E5AD3B191BE929000DB04C = {
						TestTargetID = 50E5AD1A191BE929000DB04C;
					};
				};
			};
			buildConfigurationList = 50E5AD16191BE929000DB04C /* Build configuration list for PBXProject "testKVC" */;
			compatibilityVersion = "Xcode 3.2";
			developmentRegion = English;
			hasScannedForEncodings = 0;
			knownRegions = (
				en,
				Base,
			);
			mainGroup = 50E5AD12191BE929000DB04C;
			productRefGroup = 50E5AD1C191BE929000DB04C /* Products */;
			projectDirPath = "";
			projectRoot = "";
			targets = (
				50E5AD1A191BE929000DB04C /* testKVC */,
				50E5AD3B191BE929000DB04C /* testKVCTests */,
			);
		};
/* End PBXProject section */

/* Begin PBXResourcesBuildPhase section */
		50E5AD19191BE929000DB04C /* Resources */ = {
			isa = PBXResourcesBuildPhase;
			buildActionMask = 2147483647;
			files = (
				50E5AD37191BE929000DB04C /* Images.xcassets in Resources */,
				50E5AD29191BE929000DB04C /* InfoPlist.strings in Resources */,
				50E5AD32191BE929000DB04C /* Main.storyboard in Resources */,
			);
			runOnlyForDeploymentPostprocessing = 0;
		};
		50E5AD3A191BE929000DB04C /* Resources */ = {
			isa = PBXResourcesBuildPhase;
			buildActionMask = 2147483647;
			files = (
				50E5AD48191BE929000DB04C /* InfoPlist.strings in Resources */,
			);
			runOnlyForDeploymentPostprocessing = 0;
		};
/* End PBXResourcesBuildPhase section */

/* Begin PBXSourcesBuildPhase section */
		50E5AD17191BE929000DB04C /* Sources */ = {
			isa = PBXSourcesBuildPhase;
			buildActionMask = 2147483647;
			files = (
				50E5AD35191BE929000DB04C /* ViewController.m in Sources */,
				50E5AD2F191BE929000DB04C /* AppDelegate.m in Sources */,
				50E5AD2B191BE929000DB04C /* main.m in Sources */,
			);
			runOnlyForDeploymentPostprocessing = 0;
		};
		50E5AD38191BE929000DB04C /* Sources */ = {
			isa = PBXSourcesBuildPhase;
			buildActionMask = 2147483647;
			files = (
				50E5AD4A191BE929000DB04C /* testKVCTests.m in Sources */,
			);
			runOnlyForDeploymentPostprocessing = 0;
		};
/* End PBXSourcesBuildPhase section */

/* Begin PBXTargetDependency section */
		50E5AD42191BE929000DB04C /* PBXTargetDependency */ = {
			isa = PBXTargetDependency;
			target = 50E5AD1A191BE929000DB04C /* testKVC */;
			targetProxy = 50E5AD41191BE929000DB04C /* PBXContainerItemProxy */;
		};
/* End PBXTargetDependency section */

/* Begin PBXVariantGroup section */
		50E5AD27191BE929000DB04C /* InfoPlist.strings */ = {
			isa = PBXVariantGroup;
			children = (
				50E5AD28191BE929000DB04C /* en */,
			);
			name = InfoPlist.strings;
			sourceTree = "<group>";
		};
		50E5AD30191BE929000DB04C /* Main.storyboard */ = {
			isa = PBXVariantGroup;
			children = (
				50E5AD31191BE929000DB04C /* Base */,
			);
			name = Main.storyboard;
			sourceTree = "<group>";
		};
		50E5AD46191BE929000DB04C /* InfoPlist.strings */ = {
			isa = PBXVariantGroup;
			children = (
				50E5AD47191BE929000DB04C /* en */,
			);
			name = InfoPlist.strings;
			sourceTree = "<group>";
		};
/* End PBXVariantGroup section */

/* Begin XCBuildConfiguration section */
		50E5AD4B191BE929000DB04C /* Debug */ = {
			isa = XCBuildConfiguration;
			buildSettings = {
				ALWAYS_SEARCH_USER_PATHS = NO;
				CLANG_CXX_LANGUAGE_STANDARD = "gnu++0x";
				CLANG_CXX_LIBRARY = "libc++";
				CLANG_ENABLE_MODULES = YES;
				CLANG_ENABLE_OBJC_ARC = YES;
				CLANG_WARN_BOOL_CONVERSION = YES;
				CLANG_WARN_CONSTANT_CONVERSION = YES;
				CLANG_WARN_DIRECT_OBJC_ISA_USAGE = YES_ERROR;
				CLANG_WARN_EMPTY_BODY = YES;
				CLANG_WARN_ENUM_CONVERSION = YES;
				CLANG_WARN_INT_CONVERSION = YES;
				CLANG_WARN_OBJC_ROOT_CLASS = YES_ERROR;
				CLANG_WARN__DUPLICATE_METHOD_MATCH = YES;
				"CODE_SIGN_IDENTITY[sdk=iphoneos*]" = "iPhone Developer";
				COPY_PHASE_STRIP = NO;
				GCC_C_LANGUAGE_STANDARD = gnu99;
				GCC_DYNAMIC_NO_PIC = NO;
				GCC_OPTIMIZATION_LEVEL = 0;
				GCC_PREPROCESSOR_DEFINITIONS = (
					"DEBUG=1",
					"$(inherited)",
				);
				GCC_SYMBOLS_PRIVATE_EXTERN = NO;
				GCC_WARN_64_TO_32_BIT_CONVERSION = YES;
				GCC_WARN_ABOUT_RETURN_TYPE = YES_ERROR;
				GCC_WARN_UNDECLARED_SELECTOR = YES;
				GCC_WARN_UNINITIALIZED_AUTOS = YES_AGGRESSIVE;
				GCC_WARN_UNUSED_FUNCTION = YES;
				GCC_WARN_UNUSED_VARIABLE = YES;
				IPHONEOS_DEPLOYMENT_TARGET = 7.1;
				ONLY_ACTIVE_ARCH = YES;
				SDKROOT = iphoneos;
			};
			name = Debug;
		};
		50E5AD4C191BE929000DB04C /* Release */ = {
			isa = XCBuildConfiguration;
			buildSettings = {
				ALWAYS_SEARCH_USER_PATHS = NO;
				CLANG_CXX_LANGUAGE_STANDARD = "gnu++0x";
				CLANG_CXX_LIBRARY = "libc++";
				CLANG_ENABLE_MODULES = YES;
				CLANG_ENABLE_OBJC_ARC = YES;
				CLANG_WARN_BOOL_CONVERSION = YES;
				CLANG_WARN_CONSTANT_CONVERSION = YES;
				CLANG_WARN_DIRECT_OBJC_ISA_USAGE = YES_ERROR;
				CLANG_WARN_EMPTY_BODY = YES;
				CLANG_WARN_ENUM_CONVERSION = YES;
				CLANG_WARN_INT_CONVERSION = YES;
				CLANG_WARN_OBJC_ROOT_CLASS = YES_ERROR;
				CLANG_WARN__DUPLICATE_METHOD_MATCH = YES;
				"CODE_SIGN_IDENTITY[sdk=iphoneos*]" = "iPhone Developer";
				COPY_PHASE_STRIP = YES;
				ENABLE_NS_ASSERTIONS = NO;
				GCC_C_LANGUAGE_STANDARD = gnu99;
				GCC_WARN_64_TO_32_BIT_CONVERSION = YES;
				GCC_WARN_ABOUT_RETURN_TYPE = YES_ERROR;
				GCC_WARN_UNDECLARED_SELECTOR = YES;
				GCC_WARN_UNINITIALIZED_AUTOS = YES_AGGRESSIVE;
				GCC_WARN_UNUSED_FUNCTION = YES;
				GCC_WARN_UNUSED_VARIABLE = YES;
				IPHONEOS_DEPLOYMENT_TARGET = 7.1;
				SDKROOT = iphoneos;
				VALIDATE_PRODUCT = YES;
			};
			name = Release;
		};
		50E5AD4E191BE929000DB04C /* Debug */ = {
			isa = XCBuildConfiguration;
			buildSettings = {
				ASSETCATALOG_COMPILER_APPICON_NAME = AppIcon;
				ASSETCATALOG_COMPILER_LAUNCHIMAGE_NAME = LaunchImage;
				GCC_PRECOMPILE_PREFIX_HEADER = YES;
				GCC_PREFIX_HEADER = "testKVC/testKVC-Prefix.pch";
				INFOPLIST_FILE = "testKVC/testKVC-Info.plist";
				PRODUCT_NAME = "$(TARGET_NAME)";
				WRAPPER_EXTENSION = app;
			};
			name = Debug;
		};
		50E5AD4F191BE929000DB04C /* Release */ = {
			isa = XCBuildConfiguration;
			buildSettings = {
				ASSETCATALOG_COMPILER_APPICON_NAME = AppIcon;
				ASSETCATALOG_COMPILER_LAUNCHIMAGE_NAME = LaunchImage;
				GCC_PRECOMPILE_PREFIX_HEADER = YES;
				GCC_PREFIX_HEADER = "testKVC/testKVC-Prefix.pch";
				INFOPLIST_FILE = "testKVC/testKVC-Info.plist";
				PRODUCT_NAME = "$(TARGET_NAME)";
				WRAPPER_EXTENSION = app;
			};
			name = Release;
		};
		50E5AD51191BE929000DB04C /* Debug */ = {
			isa = XCBuildConfiguration;
			buildSettings = {
				BUNDLE_LOADER = "$(BUILT_PRODUCTS_DIR)/testKVC.app/testKVC";
				FRAMEWORK_SEARCH_PATHS = (
					"$(SDKROOT)/Developer/Library/Frameworks",
					"$(inherited)",
					"$(DEVELOPER_FRAMEWORKS_DIR)",
				);
				GCC_PRECOMPILE_PREFIX_HEADER = YES;
				GCC_PREFIX_HEADER = "testKVC/testKVC-Prefix.pch";
				GCC_PREPROCESSOR_DEFINITIONS = (
					"DEBUG=1",
					"$(inherited)",
				);
				INFOPLIST_FILE = "testKVCTests/testKVCTests-Info.plist";
				PRODUCT_NAME = "$(TARGET_NAME)";
				TEST_HOST = "$(BUNDLE_LOADER)";
				WRAPPER_EXTENSION = xctest;
			};
			name = Debug;
		};
		50E5AD52191BE929000DB04C /* Release */ = {
			isa = XCBuildConfiguration;
			buildSettings = {
				BUNDLE_LOADER = "$(BUILT_PRODUCTS_DIR)/testKVC.app/testKVC";
				FRAMEWORK_SEARCH_PATHS = (
					"$(SDKROOT)/Developer/Library/Frameworks",
					"$(inherited)",
					"$(DEVELOPER_FRAMEWORKS_DIR)",
				);
				GCC_PRECOMPILE_PREFIX_HEADER = YES;
				GCC_PREFIX_HEADER = "testKVC/testKVC-Prefix.pch";
				INFOPLIST_FILE = "testKVCTests/testKVCTests-Info.plist";
				PRODUCT_NAME = "$(TARGET_NAME)";
				TEST_HOST = "$(BUNDLE_LOADER)";
				WRAPPER_EXTENSION = xctest;
			};
			name = Release;
		};
/* End XCBuildConfiguration section */

/* Begin XCConfigurationList section */
		50E5AD16191BE929000DB04C /* Build configuration list for PBXProject "testKVC" */ = {
			isa = XCConfigurationList;
			buildConfigurations = (
				50E5AD4B191BE929000DB04C /* Debug */,
				50E5AD4C191BE929000DB04C /* Release */,
			);
			defaultConfigurationIsVisible = 0;
			defaultConfigurationName = Release;
		};
		50E5AD4D191BE929000DB04C /* Build configuration list for PBXNativeTarget "testKVC" */ = {
			isa = XCConfigurationList;
			buildConfigurations = (
				50E5AD4E191BE929000DB04C /* Debug */,
				50E5AD4F191BE929000DB04C /* Release */,
			);
			defaultConfigurationIsVisible = 0;
		};
		50E5AD50191BE929000DB04C /* Build configuration list for PBXNativeTarget "testKVCTests" */ = {
			isa = XCConfigurationList;
			buildConfigurations = (
				50E5AD51191BE929000DB04C /* Debug */,
				50E5AD52191BE929000DB04C /* Release */,
			);
			defaultConfigurationIsVisible = 0;
		};
/* End XCConfigurationList section */
	};
	rootObject = 50E5AD13191BE929000DB04C /* Project object */;
}
